
Microsoft Visual Studio Solution File, Format Version 12.00
# Visual Studio Version 18
VisualStudioVersion = 18.2.11415.280
MinimumVisualStudioVersion = 10.0.40219.1
Project("{FAE04EC0-301F-11D3-BF4B-00C04F79EFBC}") = "MagFlow.API", "MagFlow.API\MagFlow.API.csproj", "{4C18EC53-274A-4FA7-9A2A-8967E5E6CDC1}"
EndProject
Project("{FAE04EC0-301F-11D3-BF4B-00C04F79EFBC}") = "MagFlow.BLL", "MagFlow.BLL\MagFlow.BLL.csproj", "{EF3C1B28-4C83-4734-B89A-601979768DF2}"
EndProject
Project("{FAE04EC0-301F-11D3-BF4B-00C04F79EFBC}") = "MagFlow.DAL", "MagFlow.DAL\MagFlow.DAL.csproj", "{C8261F34-1E6F-4F55-A6D9-CEB277348F15}"
EndProject
Project("{FAE04EC0-301F-11D3-BF4B-00C04F79EFBC}") = "MagFlow.EF", "MagFlow.EF\MagFlow.EF.csproj", "{C190976E-57B7-4DB0-8BD1-073B3AF1BE7D}"
EndProject
Project("{FAE04EC0-301F-11D3-BF4B-00C04F79EFBC}") = "MagFlow.Domain", "MagFlow.Domain\MagFlow.Domain.csproj", "{5E8C2F24-81D0-48AC-A93A-8A3D2BD56A64}"
EndProject
Project("{FAE04EC0-301F-11D3-BF4B-00C04F79EFBC}") = "MagFlow.Shared", "MagFlow.Shared\MagFlow.Shared.csproj", "{58086459-6415-4F25-8E4E-6B32D99ED86D}"
EndProject
Project("{2150E333-8FDC-42A3-9474-1A3956D46DE8}") = "Elementy rozwiązania", "Elementy rozwiązania", "{8FB176BD-0036-D269-15EA-F86E90622887}"
	ProjectSection(SolutionItems) = preProject
		Directory.Build.props = Directory.Build.props
	EndProjectSection
EndProject
Project("{FAE04EC0-301F-11D3-BF4B-00C04F79EFBC}") = "MagFlow.Web", "MagFlow.Web\MagFlow.Web.csproj", "{3C2A8BE2-B007-4404-AD38-D29B8B2DE77D}"
EndProject
Project("{FAE04EC0-301F-11D3-BF4B-00C04F79EFBC}") = "MagFlow.Tests", "MagFlow.Tests\MagFlow.Tests.csproj", "{AEF38059-250C-456A-AD1D-71F89257F4BB}"
EndProject
Global
	GlobalSection(SolutionConfigurationPlatforms) = preSolution
		Debug|Any CPU = Debug|Any CPU
		Release|Any CPU = Release|Any CPU
		Test|Any CPU = Test|Any CPU
	EndGlobalSection
	GlobalSection(ProjectConfigurationPlatforms) = postSolution
		{4C18EC53-274A-4FA7-9A2A-8967E5E6CDC1}.Debug|Any CPU.ActiveCfg = Debug|Any CPU
		{4C18EC53-274A-4FA7-9A2A-8967E5E6CDC1}.Release|Any CPU.ActiveCfg = Release|Any CPU
		{4C18EC53-274A-4FA7-9A2A-8967E5E6CDC1}.Release|Any CPU.Build.0 = Release|Any CPU
		{4C18EC53-274A-4FA7-9A2A-8967E5E6CDC1}.Test|Any CPU.ActiveCfg = Test|Any CPU
		{EF3C1B28-4C83-4734-B89A-601979768DF2}.Debug|Any CPU.ActiveCfg = Debug|Any CPU
		{EF3C1B28-4C83-4734-B89A-601979768DF2}.Debug|Any CPU.Build.0 = Debug|Any CPU
		{EF3C1B28-4C83-4734-B89A-601979768DF2}.Release|Any CPU.ActiveCfg = Release|Any CPU
		{EF3C1B28-4C83-4734-B89A-601979768DF2}.Release|Any CPU.Build.0 = Release|Any CPU
		{EF3C1B28-4C83-4734-B89A-601979768DF2}.Test|Any CPU.ActiveCfg = Test|Any CPU
		{EF3C1B28-4C83-4734-B89A-601979768DF2}.Test|Any CPU.Build.0 = Test|Any CPU
		{C8261F34-1E6F-4F55-A6D9-CEB277348F15}.Debug|Any CPU.ActiveCfg = Debug|Any CPU
		{C8261F34-1E6F-4F55-A6D9-CEB277348F15}.Debug|Any CPU.Build.0 = Debug|Any CPU
		{C8261F34-1E6F-4F55-A6D9-CEB277348F15}.Release|Any CPU.ActiveCfg = Release|Any CPU
		{C8261F34-1E6F-4F55-A6D9-CEB277348F15}.Release|Any CPU.Build.0 = Release|Any CPU
		{C8261F34-1E6F-4F55-A6D9-CEB277348F15}.Test|Any CPU.ActiveCfg = Test|Any CPU
		{C8261F34-1E6F-4F55-A6D9-CEB277348F15}.Test|Any CPU.Build.0 = Test|Any CPU
		{C190976E-57B7-4DB0-8BD1-073B3AF1BE7D}.Debug|Any CPU.ActiveCfg = Debug|Any CPU
		{C190976E-57B7-4DB0-8BD1-073B3AF1BE7D}.Debug|Any CPU.Build.0 = Debug|Any CPU
		{C190976E-57B7-4DB0-8BD1-073B3AF1BE7D}.Release|Any CPU.ActiveCfg = Release|Any CPU
		{C190976E-57B7-4DB0-8BD1-073B3AF1BE7D}.Release|Any CPU.Build.0 = Release|Any CPU
		{C190976E-57B7-4DB0-8BD1-073B3AF1BE7D}.Test|Any CPU.ActiveCfg = Test|Any CPU
		{C190976E-57B7-4DB0-8BD1-073B3AF1BE7D}.Test|Any CPU.Build.0 = Test|Any CPU
		{5E8C2F24-81D0-48AC-A93A-8A3D2BD56A64}.Debug|Any CPU.ActiveCfg = Debug|Any CPU
		{5E8C2F24-81D0-48AC-A93A-8A3D2BD56A64}.Debug|Any CPU.Build.0 = Debug|Any CPU
		{5E8C2F24-81D0-48AC-A93A-8A3D2BD56A64}.Release|Any CPU.ActiveCfg = Release|Any CPU
		{5E8C2F24-81D0-48AC-A93A-8A3D2BD56A64}.Release|Any CPU.Build.0 = Release|Any CPU
		{5E8C2F24-81D0-48AC-A93A-8A3D2BD56A64}.Test|Any CPU.ActiveCfg = Test|Any CPU
		{5E8C2F24-81D0-48AC-A93A-8A3D2BD56A64}.Test|Any CPU.Build.0 = Test|Any CPU
		{58086459-6415-4F25-8E4E-6B32D99ED86D}.Debug|Any CPU.ActiveCfg = Debug|Any CPU
		{58086459-6415-4F25-8E4E-6B32D99ED86D}.Debug|Any CPU.Build.0 = Debug|Any CPU
		{58086459-6415-4F25-8E4E-6B32D99ED86D}.Release|Any CPU.ActiveCfg = Release|Any CPU
		{58086459-6415-4F25-8E4E-6B32D99ED86D}.Release|Any CPU.Build.0 = Release|Any CPU
		{58086459-6415-4F25-8E4E-6B32D99ED86D}.Test|Any CPU.ActiveCfg = Test|Any CPU
		{58086459-6415-4F25-8E4E-6B32D99ED86D}.Test|Any CPU.Build.0 = Test|Any CPU
		{3C2A8BE2-B007-4404-AD38-D29B8B2DE77D}.Debug|Any CPU.ActiveCfg = Debug|Any CPU
		{3C2A8BE2-B007-4404-AD38-D29B8B2DE77D}.Debug|Any CPU.Build.0 = Debug|Any CPU
		{3C2A8BE2-B007-4404-AD38-D29B8B2DE77D}.Release|Any CPU.ActiveCfg = Release|Any CPU
		{3C2A8BE2-B007-4404-AD38-D29B8B2DE77D}.Release|Any CPU.Build.0 = Release|Any CPU
		{3C2A8BE2-B007-4404-AD38-D29B8B2DE77D}.Test|Any CPU.ActiveCfg = Test|Any CPU
		{3C2A8BE2-B007-4404-AD38-D29B8B2DE77D}.Test|Any CPU.Build.0 = Test|Any CPU
		{AEF38059-250C-456A-AD1D-71F89257F4BB}.Debug|Any CPU.ActiveCfg = Debug|Any CPU
		{AEF38059-250C-456A-AD1D-71F89257F4BB}.Release|Any CPU.ActiveCfg = Release|Any CPU
		{AEF38059-250C-456A-AD1D-71F89257F4BB}.Test|Any CPU.ActiveCfg = Debug|Any CPU
		{AEF38059-250C-456A-AD1D-71F89257F4BB}.Test|Any CPU.Build.0 = Debug|Any CPU
	EndGlobalSection
	GlobalSection(SolutionProperties) = preSolution
		HideSolutionNode = FALSE
	EndGlobalSection
	GlobalSection(ExtensibilityGlobals) = postSolution
		SolutionGuid = {1F09D569-ADB7-4604-BE5C-92CF4C19D5F0}
	EndGlobalSection
EndGlobal
